
Microsoft Visual Studio Solution File, Format Version 12.00
# Visual Studio Version 17
VisualStudioVersion = 17.4.33110.190
MinimumVisualStudioVersion = 10.0.40219.1
Project("{FAE04EC0-301F-11D3-BF4B-00C04F79EFBC}") = "DaySixteen", "DaySixteen.csproj", "{57D455AA-10B3-4040-9320-604B1A7279F3}"
EndProject
Global
	GlobalSection(SolutionConfigurationPlatforms) = preSolution
		Debug|Any CPU = Debug|Any CPU
		Release|Any CPU = Release|Any CPU
	EndGlobalSection
	GlobalSection(ProjectConfigurationPlatforms) = postSolution
		{57D455AA-10B3-4040-9320-604B1A7279F3}.Debug|Any CPU.ActiveCfg = Debug|Any CPU
		{57D455AA-10B3-4040-9320-604B1A7279F3}.Debug|Any CPU.Build.0 = Debug|Any CPU
		{57D455AA-10B3-4040-9320-604B1A7279F3}.Release|Any CPU.ActiveCfg = Release|Any CPU
		{57D455AA-10B3-4040-9320-604B1A7279F3}.Release|Any CPU.Build.0 = Release|Any CPU
	EndGlobalSection
	GlobalSection(SolutionProperties) = preSolution
		HideSolutionNode = FALSE
	EndGlobalSection
	GlobalSection(ExtensibilityGlobals) = postSolution
		SolutionGuid = {203AD2C4-D085-4DF9-A5C8-CC2A912DAD65}
	EndGlobalSection
EndGlobal
