
Microsoft Visual Studio Solution File, Format Version 12.00
# Visual Studio Version 17
VisualStudioVersion = 17.4.33110.190
MinimumVisualStudioVersion = 10.0.40219.1
Project("{FAE04EC0-301F-11D3-BF4B-00C04F79EFBC}") = "DayTwo", "DayTwo.csproj", "{145022C4-D8CD-43ED-946F-97C980D07EB7}"
EndProject
Global
	GlobalSection(SolutionConfigurationPlatforms) = preSolution
		Debug|Any CPU = Debug|Any CPU
		Release|Any CPU = Release|Any CPU
	EndGlobalSection
	GlobalSection(ProjectConfigurationPlatforms) = postSolution
		{145022C4-D8CD-43ED-946F-97C980D07EB7}.Debug|Any CPU.ActiveCfg = Debug|Any CPU
		{145022C4-D8CD-43ED-946F-97C980D07EB7}.Debug|Any CPU.Build.0 = Debug|Any CPU
		{145022C4-D8CD-43ED-946F-97C980D07EB7}.Release|Any CPU.ActiveCfg = Release|Any CPU
		{145022C4-D8CD-43ED-946F-97C980D07EB7}.Release|Any CPU.Build.0 = Release|Any CPU
	EndGlobalSection
	GlobalSection(SolutionProperties) = preSolution
		HideSolutionNode = FALSE
	EndGlobalSection
	GlobalSection(ExtensibilityGlobals) = postSolution
		SolutionGuid = {EFF8E551-0031-4085-9B74-BC25A58D0D78}
	EndGlobalSection
EndGlobal
