
Microsoft Visual Studio Solution File, Format Version 12.00
# Visual Studio Version 17
VisualStudioVersion = 17.4.33110.190
MinimumVisualStudioVersion = 10.0.40219.1
Project("{FAE04EC0-301F-11D3-BF4B-00C04F79EFBC}") = "DayFive", "DayFive.csproj", "{C54A81A0-9245-4602-B899-98D1BDEE5E3D}"
EndProject
Global
	GlobalSection(SolutionConfigurationPlatforms) = preSolution
		Debug|Any CPU = Debug|Any CPU
		Release|Any CPU = Release|Any CPU
	EndGlobalSection
	GlobalSection(ProjectConfigurationPlatforms) = postSolution
		{C54A81A0-9245-4602-B899-98D1BDEE5E3D}.Debug|Any CPU.ActiveCfg = Debug|Any CPU
		{C54A81A0-9245-4602-B899-98D1BDEE5E3D}.Debug|Any CPU.Build.0 = Debug|Any CPU
		{C54A81A0-9245-4602-B899-98D1BDEE5E3D}.Release|Any CPU.ActiveCfg = Release|Any CPU
		{C54A81A0-9245-4602-B899-98D1BDEE5E3D}.Release|Any CPU.Build.0 = Release|Any CPU
	EndGlobalSection
	GlobalSection(SolutionProperties) = preSolution
		HideSolutionNode = FALSE
	EndGlobalSection
	GlobalSection(ExtensibilityGlobals) = postSolution
		SolutionGuid = {9817BDC1-5B4E-467C-BE2F-B6A4308242FA}
	EndGlobalSection
EndGlobal
