
Microsoft Visual Studio Solution File, Format Version 12.00
# Visual Studio Version 17
VisualStudioVersion = 17.4.33110.190
MinimumVisualStudioVersion = 10.0.40219.1
Project("{FAE04EC0-301F-11D3-BF4B-00C04F79EFBC}") = "DayFourteen", "DayFourteen.csproj", "{DFC9C6A1-533F-4DCB-B021-8C3A8824E0A7}"
EndProject
Global
	GlobalSection(SolutionConfigurationPlatforms) = preSolution
		Debug|Any CPU = Debug|Any CPU
		Release|Any CPU = Release|Any CPU
	EndGlobalSection
	GlobalSection(ProjectConfigurationPlatforms) = postSolution
		{DFC9C6A1-533F-4DCB-B021-8C3A8824E0A7}.Debug|Any CPU.ActiveCfg = Debug|Any CPU
		{DFC9C6A1-533F-4DCB-B021-8C3A8824E0A7}.Debug|Any CPU.Build.0 = Debug|Any CPU
		{DFC9C6A1-533F-4DCB-B021-8C3A8824E0A7}.Release|Any CPU.ActiveCfg = Release|Any CPU
		{DFC9C6A1-533F-4DCB-B021-8C3A8824E0A7}.Release|Any CPU.Build.0 = Release|Any CPU
	EndGlobalSection
	GlobalSection(SolutionProperties) = preSolution
		HideSolutionNode = FALSE
	EndGlobalSection
	GlobalSection(ExtensibilityGlobals) = postSolution
		SolutionGuid = {4BD25026-FEA8-4FF2-8404-D076EA55FDF8}
	EndGlobalSection
EndGlobal
